Microsoft Visual Studio Solution File, Format Version 12.00
# Visual Studio Version 17
VisualStudioVersion = 17.5.2.0
MinimumVisualStudioVersion = 10.0.40219.1
Project("{2150E333-8FDC-42A3-9474-1A3956D46DE8}") = "AprendiendoCSharp", "AprendiendoCSharp", "{C27919BD-F6E3-66C7-B175-91C142C4B76C}"
EndProject
Project("{FAE04EC0-301F-11D3-BF4B-00C04F79EFBC}") = "00_HolaMundo", "AprendiendoCSharp\00_HolaMundo\00_HolaMundo.csproj", "{682FF2E9-FFA0-A57D-6DC6-192B27302D2B}"
EndProject
Global
	GlobalSection(SolutionConfigurationPlatforms) = preSolution
		Debug|Any CPU = Debug|Any CPU
		Release|Any CPU = Release|Any CPU
	EndGlobalSection
	GlobalSection(ProjectConfigurationPlatforms) = postSolution
		{682FF2E9-FFA0-A57D-6DC6-192B27302D2B}.Debug|Any CPU.ActiveCfg = Debug|Any CPU
		{682FF2E9-FFA0-A57D-6DC6-192B27302D2B}.Debug|Any CPU.Build.0 = Debug|Any CPU
		{682FF2E9-FFA0-A57D-6DC6-192B27302D2B}.Release|Any CPU.ActiveCfg = Release|Any CPU
		{682FF2E9-FFA0-A57D-6DC6-192B27302D2B}.Release|Any CPU.Build.0 = Release|Any CPU
	EndGlobalSection
	GlobalSection(SolutionProperties) = preSolution
		HideSolutionNode = FALSE
	EndGlobalSection
	GlobalSection(NestedProjects) = preSolution
		{682FF2E9-FFA0-A57D-6DC6-192B27302D2B} = {C27919BD-F6E3-66C7-B175-91C142C4B76C}
	EndGlobalSection
	GlobalSection(ExtensibilityGlobals) = postSolution
		SolutionGuid = {3ECF1C74-3FDA-41BC-9B9F-2E9A2E09A678}
	EndGlobalSection
EndGlobal
